
Microsoft Visual Studio Solution File, Format Version 12.00
# Visual Studio Version 17
VisualStudioVersion = 17.0.32014.148
MinimumVisualStudioVersion = 10.0.40219.1
Project("{8BC9CEB8-8B4A-11D0-8D11-00A0C91BC942}") = "HelloWorld", "ContinueStandardLibrary\ContinueStandardLibrary.vcxproj", "{D75F6E6D-FCD8-409D-8BC3-2F1513C4D94A}"
EndProject
Project("{8BC9CEB8-8B4A-11D0-8D11-00A0C91BC942}") = "Graph", "Graph\Graph.vcxproj", "{F2693F5C-04F1-4143-ADA2-CF8C1E8F8838}"
EndProject
Project("{8BC9CEB8-8B4A-11D0-8D11-00A0C91BC942}") = "TestGraph", "TestGraph\TestGraph.vcxproj", "{CDDB94F7-8EFE-4286-8334-D777E2029D22}"
EndProject
Project("{8BC9CEB8-8B4A-11D0-8D11-00A0C91BC942}") = "Sequence", "Sequence\Sequence.vcxproj", "{2FCAF06D-EABF-4724-9B22-0FA2105BF828}"
EndProject
Project("{8BC9CEB8-8B4A-11D0-8D11-00A0C91BC942}") = "TestSequence", "TestSequence\TestSequence.vcxproj", "{32282E9A-BFBC-42AD-B4AC-8E85448336F9}"
EndProject
Project("{8BC9CEB8-8B4A-11D0-8D11-00A0C91BC942}") = "Pair", "Pair\Pair.vcxproj", "{D13B4787-53F6-49F4-8A10-A66B5C6F8B73}"
EndProject
Project("{8BC9CEB8-8B4A-11D0-8D11-00A0C91BC942}") = "Person", "Person\Person.vcxproj", "{BE698D50-DC89-440A-B47E-37E8CD86B4D0}"
EndProject
Project("{8BC9CEB8-8B4A-11D0-8D11-00A0C91BC942}") = "Option", "Option\Option.vcxproj", "{FC62EEE0-8ABB-4F11-BF75-574498162F63}"
EndProject
Project("{8BC9CEB8-8B4A-11D0-8D11-00A0C91BC942}") = "SmartPointer", "SmartPointer\SmartPointer.vcxproj", "{3F41B5FD-415C-48D2-AFA9-45204F3DA5C7}"
EndProject
Project("{8BC9CEB8-8B4A-11D0-8D11-00A0C91BC942}") = "SimpleGraph", "SimpleGraph\SimpleGraph.vcxproj", "{0FEBC191-3AF5-44BD-B08D-89DECA1CCEC9}"
EndProject
Project("{8BC9CEB8-8B4A-11D0-8D11-00A0C91BC942}") = "Expirements", "Expirements\Expirements.vcxproj", "{FE681518-A8AE-457E-A1B9-C72C04FD56DC}"
EndProject
Project("{8BC9CEB8-8B4A-11D0-8D11-00A0C91BC942}") = "Sorts", "Sorts\Sorts.vcxproj", "{E9446158-B440-4B59-9C5A-37711366DFAC}"
EndProject
Project("{8BC9CEB8-8B4A-11D0-8D11-00A0C91BC942}") = "TestSorts", "TestSorts\TestSorts.vcxproj", "{5EE10587-9C22-47E0-B096-36C9FD642B57}"
EndProject
Global
	GlobalSection(SolutionConfigurationPlatforms) = preSolution
		Debug|x64 = Debug|x64
		Debug|x86 = Debug|x86
		Release|x64 = Release|x64
		Release|x86 = Release|x86
	EndGlobalSection
	GlobalSection(ProjectConfigurationPlatforms) = postSolution
		{D75F6E6D-FCD8-409D-8BC3-2F1513C4D94A}.Debug|x64.ActiveCfg = Debug|x64
		{D75F6E6D-FCD8-409D-8BC3-2F1513C4D94A}.Debug|x64.Build.0 = Debug|x64
		{D75F6E6D-FCD8-409D-8BC3-2F1513C4D94A}.Debug|x86.ActiveCfg = Debug|Win32
		{D75F6E6D-FCD8-409D-8BC3-2F1513C4D94A}.Debug|x86.Build.0 = Debug|Win32
		{D75F6E6D-FCD8-409D-8BC3-2F1513C4D94A}.Release|x64.ActiveCfg = Release|x64
		{D75F6E6D-FCD8-409D-8BC3-2F1513C4D94A}.Release|x64.Build.0 = Release|x64
		{D75F6E6D-FCD8-409D-8BC3-2F1513C4D94A}.Release|x86.ActiveCfg = Release|Win32
		{D75F6E6D-FCD8-409D-8BC3-2F1513C4D94A}.Release|x86.Build.0 = Release|Win32
		{F2693F5C-04F1-4143-ADA2-CF8C1E8F8838}.Debug|x64.ActiveCfg = Debug|x64
		{F2693F5C-04F1-4143-ADA2-CF8C1E8F8838}.Debug|x64.Build.0 = Debug|x64
		{F2693F5C-04F1-4143-ADA2-CF8C1E8F8838}.Debug|x86.ActiveCfg = Debug|Win32
		{F2693F5C-04F1-4143-ADA2-CF8C1E8F8838}.Debug|x86.Build.0 = Debug|Win32
		{F2693F5C-04F1-4143-ADA2-CF8C1E8F8838}.Release|x64.ActiveCfg = Release|x64
		{F2693F5C-04F1-4143-ADA2-CF8C1E8F8838}.Release|x64.Build.0 = Release|x64
		{F2693F5C-04F1-4143-ADA2-CF8C1E8F8838}.Release|x86.ActiveCfg = Release|Win32
		{F2693F5C-04F1-4143-ADA2-CF8C1E8F8838}.Release|x86.Build.0 = Release|Win32
		{CDDB94F7-8EFE-4286-8334-D777E2029D22}.Debug|x64.ActiveCfg = Debug|x64
		{CDDB94F7-8EFE-4286-8334-D777E2029D22}.Debug|x64.Build.0 = Debug|x64
		{CDDB94F7-8EFE-4286-8334-D777E2029D22}.Debug|x86.ActiveCfg = Debug|Win32
		{CDDB94F7-8EFE-4286-8334-D777E2029D22}.Debug|x86.Build.0 = Debug|Win32
		{CDDB94F7-8EFE-4286-8334-D777E2029D22}.Release|x64.ActiveCfg = Release|x64
		{CDDB94F7-8EFE-4286-8334-D777E2029D22}.Release|x64.Build.0 = Release|x64
		{CDDB94F7-8EFE-4286-8334-D777E2029D22}.Release|x86.ActiveCfg = Release|Win32
		{CDDB94F7-8EFE-4286-8334-D777E2029D22}.Release|x86.Build.0 = Release|Win32
		{2FCAF06D-EABF-4724-9B22-0FA2105BF828}.Debug|x64.ActiveCfg = Debug|x64
		{2FCAF06D-EABF-4724-9B22-0FA2105BF828}.Debug|x64.Build.0 = Debug|x64
		{2FCAF06D-EABF-4724-9B22-0FA2105BF828}.Debug|x86.ActiveCfg = Debug|Win32
		{2FCAF06D-EABF-4724-9B22-0FA2105BF828}.Debug|x86.Build.0 = Debug|Win32
		{2FCAF06D-EABF-4724-9B22-0FA2105BF828}.Release|x64.ActiveCfg = Release|x64
		{2FCAF06D-EABF-4724-9B22-0FA2105BF828}.Release|x64.Build.0 = Release|x64
		{2FCAF06D-EABF-4724-9B22-0FA2105BF828}.Release|x86.ActiveCfg = Release|Win32
		{2FCAF06D-EABF-4724-9B22-0FA2105BF828}.Release|x86.Build.0 = Release|Win32
		{32282E9A-BFBC-42AD-B4AC-8E85448336F9}.Debug|x64.ActiveCfg = Debug|x64
		{32282E9A-BFBC-42AD-B4AC-8E85448336F9}.Debug|x64.Build.0 = Debug|x64
		{32282E9A-BFBC-42AD-B4AC-8E85448336F9}.Debug|x86.ActiveCfg = Debug|Win32
		{32282E9A-BFBC-42AD-B4AC-8E85448336F9}.Debug|x86.Build.0 = Debug|Win32
		{32282E9A-BFBC-42AD-B4AC-8E85448336F9}.Release|x64.ActiveCfg = Release|x64
		{32282E9A-BFBC-42AD-B4AC-8E85448336F9}.Release|x64.Build.0 = Release|x64
		{32282E9A-BFBC-42AD-B4AC-8E85448336F9}.Release|x86.ActiveCfg = Release|Win32
		{32282E9A-BFBC-42AD-B4AC-8E85448336F9}.Release|x86.Build.0 = Release|Win32
		{D13B4787-53F6-49F4-8A10-A66B5C6F8B73}.Debug|x64.ActiveCfg = Debug|x64
		{D13B4787-53F6-49F4-8A10-A66B5C6F8B73}.Debug|x64.Build.0 = Debug|x64
		{D13B4787-53F6-49F4-8A10-A66B5C6F8B73}.Debug|x86.ActiveCfg = Debug|Win32
		{D13B4787-53F6-49F4-8A10-A66B5C6F8B73}.Debug|x86.Build.0 = Debug|Win32
		{D13B4787-53F6-49F4-8A10-A66B5C6F8B73}.Release|x64.ActiveCfg = Release|x64
		{D13B4787-53F6-49F4-8A10-A66B5C6F8B73}.Release|x64.Build.0 = Release|x64
		{D13B4787-53F6-49F4-8A10-A66B5C6F8B73}.Release|x86.ActiveCfg = Release|Win32
		{D13B4787-53F6-49F4-8A10-A66B5C6F8B73}.Release|x86.Build.0 = Release|Win32
		{BE698D50-DC89-440A-B47E-37E8CD86B4D0}.Debug|x64.ActiveCfg = Debug|x64
		{BE698D50-DC89-440A-B47E-37E8CD86B4D0}.Debug|x64.Build.0 = Debug|x64
		{BE698D50-DC89-440A-B47E-37E8CD86B4D0}.Debug|x86.ActiveCfg = Debug|Win32
		{BE698D50-DC89-440A-B47E-37E8CD86B4D0}.Debug|x86.Build.0 = Debug|Win32
		{BE698D50-DC89-440A-B47E-37E8CD86B4D0}.Release|x64.ActiveCfg = Release|x64
		{BE698D50-DC89-440A-B47E-37E8CD86B4D0}.Release|x64.Build.0 = Release|x64
		{BE698D50-DC89-440A-B47E-37E8CD86B4D0}.Release|x86.ActiveCfg = Release|Win32
		{BE698D50-DC89-440A-B47E-37E8CD86B4D0}.Release|x86.Build.0 = Release|Win32
		{FC62EEE0-8ABB-4F11-BF75-574498162F63}.Debug|x64.ActiveCfg = Debug|x64
		{FC62EEE0-8ABB-4F11-BF75-574498162F63}.Debug|x64.Build.0 = Debug|x64
		{FC62EEE0-8ABB-4F11-BF75-574498162F63}.Debug|x86.ActiveCfg = Debug|Win32
		{FC62EEE0-8ABB-4F11-BF75-574498162F63}.Debug|x86.Build.0 = Debug|Win32
		{FC62EEE0-8ABB-4F11-BF75-574498162F63}.Release|x64.ActiveCfg = Release|x64
		{FC62EEE0-8ABB-4F11-BF75-574498162F63}.Release|x64.Build.0 = Release|x64
		{FC62EEE0-8ABB-4F11-BF75-574498162F63}.Release|x86.ActiveCfg = Release|Win32
		{FC62EEE0-8ABB-4F11-BF75-574498162F63}.Release|x86.Build.0 = Release|Win32
		{3F41B5FD-415C-48D2-AFA9-45204F3DA5C7}.Debug|x64.ActiveCfg = Debug|x64
		{3F41B5FD-415C-48D2-AFA9-45204F3DA5C7}.Debug|x64.Build.0 = Debug|x64
		{3F41B5FD-415C-48D2-AFA9-45204F3DA5C7}.Debug|x86.ActiveCfg = Debug|Win32
		{3F41B5FD-415C-48D2-AFA9-45204F3DA5C7}.Debug|x86.Build.0 = Debug|Win32
		{3F41B5FD-415C-48D2-AFA9-45204F3DA5C7}.Release|x64.ActiveCfg = Release|x64
		{3F41B5FD-415C-48D2-AFA9-45204F3DA5C7}.Release|x64.Build.0 = Release|x64
		{3F41B5FD-415C-48D2-AFA9-45204F3DA5C7}.Release|x86.ActiveCfg = Release|Win32
		{3F41B5FD-415C-48D2-AFA9-45204F3DA5C7}.Release|x86.Build.0 = Release|Win32
		{0FEBC191-3AF5-44BD-B08D-89DECA1CCEC9}.Debug|x64.ActiveCfg = Debug|x64
		{0FEBC191-3AF5-44BD-B08D-89DECA1CCEC9}.Debug|x64.Build.0 = Debug|x64
		{0FEBC191-3AF5-44BD-B08D-89DECA1CCEC9}.Debug|x86.ActiveCfg = Debug|Win32
		{0FEBC191-3AF5-44BD-B08D-89DECA1CCEC9}.Debug|x86.Build.0 = Debug|Win32
		{0FEBC191-3AF5-44BD-B08D-89DECA1CCEC9}.Release|x64.ActiveCfg = Release|x64
		{0FEBC191-3AF5-44BD-B08D-89DECA1CCEC9}.Release|x64.Build.0 = Release|x64
		{0FEBC191-3AF5-44BD-B08D-89DECA1CCEC9}.Release|x86.ActiveCfg = Release|Win32
		{0FEBC191-3AF5-44BD-B08D-89DECA1CCEC9}.Release|x86.Build.0 = Release|Win32
		{FE681518-A8AE-457E-A1B9-C72C04FD56DC}.Debug|x64.ActiveCfg = Debug|x64
		{FE681518-A8AE-457E-A1B9-C72C04FD56DC}.Debug|x64.Build.0 = Debug|x64
		{FE681518-A8AE-457E-A1B9-C72C04FD56DC}.Debug|x86.ActiveCfg = Debug|Win32
		{FE681518-A8AE-457E-A1B9-C72C04FD56DC}.Debug|x86.Build.0 = Debug|Win32
		{FE681518-A8AE-457E-A1B9-C72C04FD56DC}.Release|x64.ActiveCfg = Release|x64
		{FE681518-A8AE-457E-A1B9-C72C04FD56DC}.Release|x64.Build.0 = Release|x64
		{FE681518-A8AE-457E-A1B9-C72C04FD56DC}.Release|x86.ActiveCfg = Release|Win32
		{FE681518-A8AE-457E-A1B9-C72C04FD56DC}.Release|x86.Build.0 = Release|Win32
		{E9446158-B440-4B59-9C5A-37711366DFAC}.Debug|x64.ActiveCfg = Debug|x64
		{E9446158-B440-4B59-9C5A-37711366DFAC}.Debug|x64.Build.0 = Debug|x64
		{E9446158-B440-4B59-9C5A-37711366DFAC}.Debug|x86.ActiveCfg = Debug|Win32
		{E9446158-B440-4B59-9C5A-37711366DFAC}.Debug|x86.Build.0 = Debug|Win32
		{E9446158-B440-4B59-9C5A-37711366DFAC}.Release|x64.ActiveCfg = Release|x64
		{E9446158-B440-4B59-9C5A-37711366DFAC}.Release|x64.Build.0 = Release|x64
		{E9446158-B440-4B59-9C5A-37711366DFAC}.Release|x86.ActiveCfg = Release|Win32
		{E9446158-B440-4B59-9C5A-37711366DFAC}.Release|x86.Build.0 = Release|Win32
		{5EE10587-9C22-47E0-B096-36C9FD642B57}.Debug|x64.ActiveCfg = Debug|x64
		{5EE10587-9C22-47E0-B096-36C9FD642B57}.Debug|x64.Build.0 = Debug|x64
		{5EE10587-9C22-47E0-B096-36C9FD642B57}.Debug|x86.ActiveCfg = Debug|Win32
		{5EE10587-9C22-47E0-B096-36C9FD642B57}.Debug|x86.Build.0 = Debug|Win32
		{5EE10587-9C22-47E0-B096-36C9FD642B57}.Release|x64.ActiveCfg = Release|x64
		{5EE10587-9C22-47E0-B096-36C9FD642B57}.Release|x64.Build.0 = Release|x64
		{5EE10587-9C22-47E0-B096-36C9FD642B57}.Release|x86.ActiveCfg = Release|Win32
		{5EE10587-9C22-47E0-B096-36C9FD642B57}.Release|x86.Build.0 = Release|Win32
	EndGlobalSection
	GlobalSection(SolutionProperties) = preSolution
		HideSolutionNode = FALSE
	EndGlobalSection
	GlobalSection(ExtensibilityGlobals) = postSolution
		SolutionGuid = {E8F2641E-3D80-4336-A7A9-9BE0F581BBAD}
	EndGlobalSection
EndGlobal
